
Microsoft Visual Studio Solution File, Format Version 12.00
# Visual Studio 2013
VisualStudioVersion = 12.0.31101.0
MinimumVisualStudioVersion = 10.0.40219.1
Project("{FAE04EC0-301F-11D3-BF4B-00C04F79EFBC}") = "01FillTheMatrix", "01FillTheMatrix\01FillTheMatrix.csproj", "{AC45F99C-2B4D-44B0-BA55-F6E75D2E8C52}"
EndProject
Project("{FAE04EC0-301F-11D3-BF4B-00C04F79EFBC}") = "02MaximalSum", "02MaximalSum\02MaximalSum.csproj", "{549E62A0-DEB2-4558-84C9-6122A51B0399}"
EndProject
Project("{FAE04EC0-301F-11D3-BF4B-00C04F79EFBC}") = "03SequenceNMatrix", "03SequenceNMatrix\03SequenceNMatrix.csproj", "{C9BBD475-98EB-4DD4-8A9E-173AFB0E9402}"
EndProject
Project("{FAE04EC0-301F-11D3-BF4B-00C04F79EFBC}") = "04BinarySearch", "04BinarySearch\04BinarySearch.csproj", "{8C795503-8C54-4BF5-BC94-64B29B68C785}"
EndProject
Project("{FAE04EC0-301F-11D3-BF4B-00C04F79EFBC}") = "05SortByStringLength", "05SortByStringLength\05SortByStringLength.csproj", "{7E660B92-4BDB-4A2B-8762-7F74468C60DB}"
EndProject
Project("{FAE04EC0-301F-11D3-BF4B-00C04F79EFBC}") = "06MatrixClass", "06MatrixClass\06MatrixClass.csproj", "{F1EB804A-5458-4700-A1C7-D59960995C8A}"
EndProject
Project("{FAE04EC0-301F-11D3-BF4B-00C04F79EFBC}") = "07LargestAreaInMatrix", "07LargestAreaInMatrix\07LargestAreaInMatrix.csproj", "{8525576C-2F52-432C-AAA5-922FE2D57D8A}"
EndProject
Global
	GlobalSection(SolutionConfigurationPlatforms) = preSolution
		Debug|Any CPU = Debug|Any CPU
		Release|Any CPU = Release|Any CPU
	EndGlobalSection
	GlobalSection(ProjectConfigurationPlatforms) = postSolution
		{AC45F99C-2B4D-44B0-BA55-F6E75D2E8C52}.Debug|Any CPU.ActiveCfg = Debug|Any CPU
		{AC45F99C-2B4D-44B0-BA55-F6E75D2E8C52}.Debug|Any CPU.Build.0 = Debug|Any CPU
		{AC45F99C-2B4D-44B0-BA55-F6E75D2E8C52}.Release|Any CPU.ActiveCfg = Release|Any CPU
		{AC45F99C-2B4D-44B0-BA55-F6E75D2E8C52}.Release|Any CPU.Build.0 = Release|Any CPU
		{549E62A0-DEB2-4558-84C9-6122A51B0399}.Debug|Any CPU.ActiveCfg = Debug|Any CPU
		{549E62A0-DEB2-4558-84C9-6122A51B0399}.Debug|Any CPU.Build.0 = Debug|Any CPU
		{549E62A0-DEB2-4558-84C9-6122A51B0399}.Release|Any CPU.ActiveCfg = Release|Any CPU
		{549E62A0-DEB2-4558-84C9-6122A51B0399}.Release|Any CPU.Build.0 = Release|Any CPU
		{C9BBD475-98EB-4DD4-8A9E-173AFB0E9402}.Debug|Any CPU.ActiveCfg = Debug|Any CPU
		{C9BBD475-98EB-4DD4-8A9E-173AFB0E9402}.Debug|Any CPU.Build.0 = Debug|Any CPU
		{C9BBD475-98EB-4DD4-8A9E-173AFB0E9402}.Release|Any CPU.ActiveCfg = Release|Any CPU
		{C9BBD475-98EB-4DD4-8A9E-173AFB0E9402}.Release|Any CPU.Build.0 = Release|Any CPU
		{8C795503-8C54-4BF5-BC94-64B29B68C785}.Debug|Any CPU.ActiveCfg = Debug|Any CPU
		{8C795503-8C54-4BF5-BC94-64B29B68C785}.Debug|Any CPU.Build.0 = Debug|Any CPU
		{8C795503-8C54-4BF5-BC94-64B29B68C785}.Release|Any CPU.ActiveCfg = Release|Any CPU
		{8C795503-8C54-4BF5-BC94-64B29B68C785}.Release|Any CPU.Build.0 = Release|Any CPU
		{7E660B92-4BDB-4A2B-8762-7F74468C60DB}.Debug|Any CPU.ActiveCfg = Debug|Any CPU
		{7E660B92-4BDB-4A2B-8762-7F74468C60DB}.Debug|Any CPU.Build.0 = Debug|Any CPU
		{7E660B92-4BDB-4A2B-8762-7F74468C60DB}.Release|Any CPU.ActiveCfg = Release|Any CPU
		{7E660B92-4BDB-4A2B-8762-7F74468C60DB}.Release|Any CPU.Build.0 = Release|Any CPU
		{F1EB804A-5458-4700-A1C7-D59960995C8A}.Debug|Any CPU.ActiveCfg = Debug|Any CPU
		{F1EB804A-5458-4700-A1C7-D59960995C8A}.Debug|Any CPU.Build.0 = Debug|Any CPU
		{F1EB804A-5458-4700-A1C7-D59960995C8A}.Release|Any CPU.ActiveCfg = Release|Any CPU
		{F1EB804A-5458-4700-A1C7-D59960995C8A}.Release|Any CPU.Build.0 = Release|Any CPU
		{8525576C-2F52-432C-AAA5-922FE2D57D8A}.Debug|Any CPU.ActiveCfg = Debug|Any CPU
		{8525576C-2F52-432C-AAA5-922FE2D57D8A}.Debug|Any CPU.Build.0 = Debug|Any CPU
		{8525576C-2F52-432C-AAA5-922FE2D57D8A}.Release|Any CPU.ActiveCfg = Release|Any CPU
		{8525576C-2F52-432C-AAA5-922FE2D57D8A}.Release|Any CPU.Build.0 = Release|Any CPU
	EndGlobalSection
	GlobalSection(SolutionProperties) = preSolution
		HideSolutionNode = FALSE
	EndGlobalSection
EndGlobal
